// !$*UTF8*$!
{
	archiveVersion = 1;
	classes = {
	};
	objectVersion = 56;
	objects = {

/* Begin PBXBuildFile section */
		0BF45A702A8EC0A90079D4E5 /* Dog_APIApp.swift in Sources */ = {isa = PBXBuildFile; fileRef = 0BF45A6F2A8EC0A90079D4E5 /* Dog_APIApp.swift */; };
		0BF45A722A8EC0A90079D4E5 /* ContentView.swift in Sources */ = {isa = PBXBuildFile; fileRef = 0BF45A712A8EC0A90079D4E5 /* ContentView.swift */; };
		0BF45A742A8EC0AA0079D4E5 /* Assets.xcassets in Resources */ = {isa = PBXBuildFile; fileRef = 0BF45A732A8EC0AA0079D4E5 /* Assets.xcassets */; };
		0BF45A772A8EC0AA0079D4E5 /* Preview Assets.xcassets in Resources */ = {isa = PBXBuildFile; fileRef = 0BF45A762A8EC0AA0079D4E5 /* Preview Assets.xcassets */; };
		0BF45A812A8EC0AA0079D4E5 /* Dog_APITests.swift in Sources */ = {isa = PBXBuildFile; fileRef = 0BF45A802A8EC0AA0079D4E5 /* Dog_APITests.swift */; };
		0BF45A8B2A8EC0AB0079D4E5 /* Dog_APIUITests.swift in Sources */ = {isa = PBXBuildFile; fileRef = 0BF45A8A2A8EC0AB0079D4E5 /* Dog_APIUITests.swift */; };
		0BF45A8D2A8EC0AB0079D4E5 /* Dog_APIUITestsLaunchTests.swift in Sources */ = {isa = PBXBuildFile; fileRef = 0BF45A8C2A8EC0AB0079D4E5 /* Dog_APIUITestsLaunchTests.swift */; };
		0BF45A9B2A8EC0C20079D4E5 /* ComposableArchitecture in Frameworks */ = {isa = PBXBuildFile; productRef = 0BF45A9A2A8EC0C20079D4E5 /* ComposableArchitecture */; };
		0BF45A9E2A8EC1050079D4E5 /* Kingfisher in Frameworks */ = {isa = PBXBuildFile; productRef = 0BF45A9D2A8EC1050079D4E5 /* Kingfisher */; };
		0BF45AA22A8EC36B0079D4E5 /* DogList.swift in Sources */ = {isa = PBXBuildFile; fileRef = 0BF45AA12A8EC36B0079D4E5 /* DogList.swift */; };
		0BF45AA52A8EC4420079D4E5 /* Dog.swift in Sources */ = {isa = PBXBuildFile; fileRef = 0BF45AA42A8EC4420079D4E5 /* Dog.swift */; };
		0BF45AAB2A8ED2B50079D4E5 /* Alamofire in Frameworks */ = {isa = PBXBuildFile; productRef = 0BF45AAA2A8ED2B50079D4E5 /* Alamofire */; };
		0BF45AAE2A9138060079D4E5 /* Endpoint.swift in Sources */ = {isa = PBXBuildFile; fileRef = 0BF45AAD2A9138060079D4E5 /* Endpoint.swift */; };
		0BF45AB12A9263820079D4E5 /* NetworkService.swift in Sources */ = {isa = PBXBuildFile; fileRef = 0BF45AB02A9263820079D4E5 /* NetworkService.swift */; };
		0BF45AB42A941D910079D4E5 /* Logging in Frameworks */ = {isa = PBXBuildFile; productRef = 0BF45AB32A941D910079D4E5 /* Logging */; };
		0BF45AB72A941E120079D4E5 /* Logger+Dependency.swift in Sources */ = {isa = PBXBuildFile; fileRef = 0BF45AB62A941E120079D4E5 /* Logger+Dependency.swift */; };
		0BF45AB92A941E190079D4E5 /* Logger.swift in Sources */ = {isa = PBXBuildFile; fileRef = 0BF45AB82A941E190079D4E5 /* Logger.swift */; };
		0BF45ABB2A9423000079D4E5 /* NetworkService+Dependency.swift in Sources */ = {isa = PBXBuildFile; fileRef = 0BF45ABA2A9423000079D4E5 /* NetworkService+Dependency.swift */; };
/* End PBXBuildFile section */

/* Begin PBXContainerItemProxy section */
		0BF45A7D2A8EC0AA0079D4E5 /* PBXContainerItemProxy */ = {
			isa = PBXContainerItemProxy;
			containerPortal = 0BF45A642A8EC0A90079D4E5 /* Project object */;
			proxyType = 1;
			remoteGlobalIDString = 0BF45A6B2A8EC0A90079D4E5;
			remoteInfo = "Dog-API";
		};
		0BF45A872A8EC0AA0079D4E5 /* PBXContainerItemProxy */ = {
			isa = PBXContainerItemProxy;
			containerPortal = 0BF45A642A8EC0A90079D4E5 /* Project object */;
			proxyType = 1;
			remoteGlobalIDString = 0BF45A6B2A8EC0A90079D4E5;
			remoteInfo = "Dog-API";
		};
/* End PBXContainerItemProxy section */

/* Begin PBXFileReference section */
		0BF45A6C2A8EC0A90079D4E5 /* Dog-API.app */ = {isa = PBXFileReference; explicitFileType = wrapper.application; includeInIndex = 0; path = "Dog-API.app"; sourceTree = BUILT_PRODUCTS_DIR; };
		0BF45A6F2A8EC0A90079D4E5 /* Dog_APIApp.swift */ = {isa = PBXFileReference; lastKnownFileType = sourcecode.swift; path = Dog_APIApp.swift; sourceTree = "<group>"; };
		0BF45A712A8EC0A90079D4E5 /* ContentView.swift */ = {isa = PBXFileReference; lastKnownFileType = sourcecode.swift; path = ContentView.swift; sourceTree = "<group>"; };
		0BF45A732A8EC0AA0079D4E5 /* Assets.xcassets */ = {isa = PBXFileReference; lastKnownFileType = folder.assetcatalog; path = Assets.xcassets; sourceTree = "<group>"; };
		0BF45A762A8EC0AA0079D4E5 /* Preview Assets.xcassets */ = {isa = PBXFileReference; lastKnownFileType = folder.assetcatalog; path = "Preview Assets.xcassets"; sourceTree = "<group>"; };
		0BF45A7C2A8EC0AA0079D4E5 /* Dog-APITests.xctest */ = {isa = PBXFileReference; explicitFileType = wrapper.cfbundle; includeInIndex = 0; path = "Dog-APITests.xctest"; sourceTree = BUILT_PRODUCTS_DIR; };
		0BF45A802A8EC0AA0079D4E5 /* Dog_APITests.swift */ = {isa = PBXFileReference; lastKnownFileType = sourcecode.swift; path = Dog_APITests.swift; sourceTree = "<group>"; };
		0BF45A862A8EC0AA0079D4E5 /* Dog-APIUITests.xctest */ = {isa = PBXFileReference; explicitFileType = wrapper.cfbundle; includeInIndex = 0; path = "Dog-APIUITests.xctest"; sourceTree = BUILT_PRODUCTS_DIR; };
		0BF45A8A2A8EC0AB0079D4E5 /* Dog_APIUITests.swift */ = {isa = PBXFileReference; lastKnownFileType = sourcecode.swift; path = Dog_APIUITests.swift; sourceTree = "<group>"; };
		0BF45A8C2A8EC0AB0079D4E5 /* Dog_APIUITestsLaunchTests.swift */ = {isa = PBXFileReference; lastKnownFileType = sourcecode.swift; path = Dog_APIUITestsLaunchTests.swift; sourceTree = "<group>"; };
		0BF45AA12A8EC36B0079D4E5 /* DogList.swift */ = {isa = PBXFileReference; lastKnownFileType = sourcecode.swift; path = DogList.swift; sourceTree = "<group>"; };
		0BF45AA42A8EC4420079D4E5 /* Dog.swift */ = {isa = PBXFileReference; lastKnownFileType = sourcecode.swift; path = Dog.swift; sourceTree = "<group>"; };
		0BF45AA82A8ECE700079D4E5 /* Info.plist */ = {isa = PBXFileReference; lastKnownFileType = text.plist; path = Info.plist; sourceTree = "<group>"; };
		0BF45AAD2A9138060079D4E5 /* Endpoint.swift */ = {isa = PBXFileReference; lastKnownFileType = sourcecode.swift; path = Endpoint.swift; sourceTree = "<group>"; };
		0BF45AB02A9263820079D4E5 /* NetworkService.swift */ = {isa = PBXFileReference; lastKnownFileType = sourcecode.swift; path = NetworkService.swift; sourceTree = "<group>"; };
		0BF45AB62A941E120079D4E5 /* Logger+Dependency.swift */ = {isa = PBXFileReference; lastKnownFileType = sourcecode.swift; path = "Logger+Dependency.swift"; sourceTree = "<group>"; };
		0BF45AB82A941E190079D4E5 /* Logger.swift */ = {isa = PBXFileReference; lastKnownFileType = sourcecode.swift; path = Logger.swift; sourceTree = "<group>"; };
		0BF45ABA2A9423000079D4E5 /* NetworkService+Dependency.swift */ = {isa = PBXFileReference; lastKnownFileType = sourcecode.swift; path = "NetworkService+Dependency.swift"; sourceTree = "<group>"; };
/* End PBXFileReference section */

/* Begin PBXFrameworksBuildPhase section */
		0BF45A692A8EC0A90079D4E5 /* Frameworks */ = {
			isa = PBXFrameworksBuildPhase;
			buildActionMask = 2147483647;
			files = (
				0BF45AAB2A8ED2B50079D4E5 /* Alamofire in Frameworks */,
				0BF45A9E2A8EC1050079D4E5 /* Kingfisher in Frameworks */,
				0BF45AB42A941D910079D4E5 /* Logging in Frameworks */,
				0BF45A9B2A8EC0C20079D4E5 /* ComposableArchitecture in Frameworks */,
			);
			runOnlyForDeploymentPostprocessing = 0;
		};
		0BF45A792A8EC0AA0079D4E5 /* Frameworks */ = {
			isa = PBXFrameworksBuildPhase;
			buildActionMask = 2147483647;
			files = (
			);
			runOnlyForDeploymentPostprocessing = 0;
		};
		0BF45A832A8EC0AA0079D4E5 /* Frameworks */ = {
			isa = PBXFrameworksBuildPhase;
			buildActionMask = 2147483647;
			files = (
			);
			runOnlyForDeploymentPostprocessing = 0;
		};
/* End PBXFrameworksBuildPhase section */

/* Begin PBXGroup section */
		0BF45A632A8EC0A90079D4E5 = {
			isa = PBXGroup;
			children = (
				0BF45A6E2A8EC0A90079D4E5 /* Dog-API */,
				0BF45A7F2A8EC0AA0079D4E5 /* Dog-APITests */,
				0BF45A892A8EC0AB0079D4E5 /* Dog-APIUITests */,
				0BF45A6D2A8EC0A90079D4E5 /* Products */,
			);
			sourceTree = "<group>";
		};
		0BF45A6D2A8EC0A90079D4E5 /* Products */ = {
			isa = PBXGroup;
			children = (
				0BF45A6C2A8EC0A90079D4E5 /* Dog-API.app */,
				0BF45A7C2A8EC0AA0079D4E5 /* Dog-APITests.xctest */,
				0BF45A862A8EC0AA0079D4E5 /* Dog-APIUITests.xctest */,
			);
			name = Products;
			sourceTree = "<group>";
		};
		0BF45A6E2A8EC0A90079D4E5 /* Dog-API */ = {
			isa = PBXGroup;
			children = (
				0BF45AB52A941E030079D4E5 /* Logger */,
				0BF45AAF2A925C160079D4E5 /* Network */,
				0BF45AA82A8ECE700079D4E5 /* Info.plist */,
				0BF45AA32A8EC4390079D4E5 /* Model */,
				0BF45A6F2A8EC0A90079D4E5 /* Dog_APIApp.swift */,
				0BF45A712A8EC0A90079D4E5 /* ContentView.swift */,
				0BF45A732A8EC0AA0079D4E5 /* Assets.xcassets */,
				0BF45A752A8EC0AA0079D4E5 /* Preview Content */,
				0BF45AA12A8EC36B0079D4E5 /* DogList.swift */,
				0BF45AAD2A9138060079D4E5 /* Endpoint.swift */,
			);
			path = "Dog-API";
			sourceTree = "<group>";
		};
		0BF45A752A8EC0AA0079D4E5 /* Preview Content */ = {
			isa = PBXGroup;
			children = (
				0BF45A762A8EC0AA0079D4E5 /* Preview Assets.xcassets */,
			);
			path = "Preview Content";
			sourceTree = "<group>";
		};
		0BF45A7F2A8EC0AA0079D4E5 /* Dog-APITests */ = {
			isa = PBXGroup;
			children = (
				0BF45A802A8EC0AA0079D4E5 /* Dog_APITests.swift */,
			);
			path = "Dog-APITests";
			sourceTree = "<group>";
		};
		0BF45A892A8EC0AB0079D4E5 /* Dog-APIUITests */ = {
			isa = PBXGroup;
			children = (
				0BF45A8A2A8EC0AB0079D4E5 /* Dog_APIUITests.swift */,
				0BF45A8C2A8EC0AB0079D4E5 /* Dog_APIUITestsLaunchTests.swift */,
			);
			path = "Dog-APIUITests";
			sourceTree = "<group>";
		};
		0BF45AA32A8EC4390079D4E5 /* Model */ = {
			isa = PBXGroup;
			children = (
				0BF45AA42A8EC4420079D4E5 /* Dog.swift */,
			);
			path = Model;
			sourceTree = "<group>";
		};
		0BF45AAF2A925C160079D4E5 /* Network */ = {
			isa = PBXGroup;
			children = (
				0BF45AB02A9263820079D4E5 /* NetworkService.swift */,
				0BF45ABA2A9423000079D4E5 /* NetworkService+Dependency.swift */,
			);
			path = Network;
			sourceTree = "<group>";
		};
		0BF45AB52A941E030079D4E5 /* Logger */ = {
			isa = PBXGroup;
			children = (
				0BF45AB62A941E120079D4E5 /* Logger+Dependency.swift */,
				0BF45AB82A941E190079D4E5 /* Logger.swift */,
			);
			path = Logger;
			sourceTree = "<group>";
		};
/* End PBXGroup section */

/* Begin PBXNativeTarget section */
		0BF45A6B2A8EC0A90079D4E5 /* Dog-API */ = {
			isa = PBXNativeTarget;
			buildConfigurationList = 0BF45A902A8EC0AB0079D4E5 /* Build configuration list for PBXNativeTarget "Dog-API" */;
			buildPhases = (
				0BF45A682A8EC0A90079D4E5 /* Sources */,
				0BF45A692A8EC0A90079D4E5 /* Frameworks */,
				0BF45A6A2A8EC0A90079D4E5 /* Resources */,
			);
			buildRules = (
			);
			dependencies = (
			);
			name = "Dog-API";
			packageProductDependencies = (
				0BF45A9A2A8EC0C20079D4E5 /* ComposableArchitecture */,
				0BF45A9D2A8EC1050079D4E5 /* Kingfisher */,
				0BF45AAA2A8ED2B50079D4E5 /* Alamofire */,
				0BF45AB32A941D910079D4E5 /* Logging */,
			);
			productName = "Dog-API";
			productReference = 0BF45A6C2A8EC0A90079D4E5 /* Dog-API.app */;
			productType = "com.apple.product-type.application";
		};
		0BF45A7B2A8EC0AA0079D4E5 /* Dog-APITests */ = {
			isa = PBXNativeTarget;
			buildConfigurationList = 0BF45A932A8EC0AB0079D4E5 /* Build configuration list for PBXNativeTarget "Dog-APITests" */;
			buildPhases = (
				0BF45A782A8EC0AA0079D4E5 /* Sources */,
				0BF45A792A8EC0AA0079D4E5 /* Frameworks */,
				0BF45A7A2A8EC0AA0079D4E5 /* Resources */,
			);
			buildRules = (
			);
			dependencies = (
				0BF45A7E2A8EC0AA0079D4E5 /* PBXTargetDependency */,
			);
			name = "Dog-APITests";
			productName = "Dog-APITests";
			productReference = 0BF45A7C2A8EC0AA0079D4E5 /* Dog-APITests.xctest */;
			productType = "com.apple.product-type.bundle.unit-test";
		};
		0BF45A852A8EC0AA0079D4E5 /* Dog-APIUITests */ = {
			isa = PBXNativeTarget;
			buildConfigurationList = 0BF45A962A8EC0AB0079D4E5 /* Build configuration list for PBXNativeTarget "Dog-APIUITests" */;
			buildPhases = (
				0BF45A822A8EC0AA0079D4E5 /* Sources */,
				0BF45A832A8EC0AA0079D4E5 /* Frameworks */,
				0BF45A842A8EC0AA0079D4E5 /* Resources */,
			);
			buildRules = (
			);
			dependencies = (
				0BF45A882A8EC0AA0079D4E5 /* PBXTargetDependency */,
			);
			name = "Dog-APIUITests";
			productName = "Dog-APIUITests";
			productReference = 0BF45A862A8EC0AA0079D4E5 /* Dog-APIUITests.xctest */;
			productType = "com.apple.product-type.bundle.ui-testing";
		};
/* End PBXNativeTarget section */

/* Begin PBXProject section */
		0BF45A642A8EC0A90079D4E5 /* Project object */ = {
			isa = PBXProject;
			attributes = {
				BuildIndependentTargetsInParallel = 1;
				LastSwiftUpdateCheck = 1430;
				LastUpgradeCheck = 1430;
				TargetAttributes = {
					0BF45A6B2A8EC0A90079D4E5 = {
						CreatedOnToolsVersion = 14.3.1;
					};
					0BF45A7B2A8EC0AA0079D4E5 = {
						CreatedOnToolsVersion = 14.3.1;
						TestTargetID = 0BF45A6B2A8EC0A90079D4E5;
					};
					0BF45A852A8EC0AA0079D4E5 = {
						CreatedOnToolsVersion = 14.3.1;
						TestTargetID = 0BF45A6B2A8EC0A90079D4E5;
					};
				};
			};
			buildConfigurationList = 0BF45A672A8EC0A90079D4E5 /* Build configuration list for PBXProject "Dog-API" */;
			compatibilityVersion = "Xcode 14.0";
			developmentRegion = en;
			hasScannedForEncodings = 0;
			knownRegions = (
				en,
				Base,
			);
			mainGroup = 0BF45A632A8EC0A90079D4E5;
			packageReferences = (
				0BF45A992A8EC0C20079D4E5 /* XCRemoteSwiftPackageReference "swift-composable-architecture" */,
				0BF45A9C2A8EC1050079D4E5 /* XCRemoteSwiftPackageReference "Kingfisher" */,
				0BF45AA92A8ED2B50079D4E5 /* XCRemoteSwiftPackageReference "Alamofire" */,
				0BF45AB22A941D910079D4E5 /* XCRemoteSwiftPackageReference "swift-log" */,
			);
			productRefGroup = 0BF45A6D2A8EC0A90079D4E5 /* Products */;
			projectDirPath = "";
			projectRoot = "";
			targets = (
				0BF45A6B2A8EC0A90079D4E5 /* Dog-API */,
				0BF45A7B2A8EC0AA0079D4E5 /* Dog-APITests */,
				0BF45A852A8EC0AA0079D4E5 /* Dog-APIUITests */,
			);
		};
/* End PBXProject section */

/* Begin PBXResourcesBuildPhase section */
		0BF45A6A2A8EC0A90079D4E5 /* Resources */ = {
			isa = PBXResourcesBuildPhase;
			buildActionMask = 2147483647;
			files = (
				0BF45A772A8EC0AA0079D4E5 /* Preview Assets.xcassets in Resources */,
				0BF45A742A8EC0AA0079D4E5 /* Assets.xcassets in Resources */,
			);
			runOnlyForDeploymentPostprocessing = 0;
		};
		0BF45A7A2A8EC0AA0079D4E5 /* Resources */ = {
			isa = PBXResourcesBuildPhase;
			buildActionMask = 2147483647;
			files = (
			);
			runOnlyForDeploymentPostprocessing = 0;
		};
		0BF45A842A8EC0AA0079D4E5 /* Resources */ = {
			isa = PBXResourcesBuildPhase;
			buildActionMask = 2147483647;
			files = (
			);
			runOnlyForDeploymentPostprocessing = 0;
		};
/* End PBXResourcesBuildPhase section */

/* Begin PBXSourcesBuildPhase section */
		0BF45A682A8EC0A90079D4E5 /* Sources */ = {
			isa = PBXSourcesBuildPhase;
			buildActionMask = 2147483647;
			files = (
				0BF45AB72A941E120079D4E5 /* Logger+Dependency.swift in Sources */,
				0BF45ABB2A9423000079D4E5 /* NetworkService+Dependency.swift in Sources */,
				0BF45AA22A8EC36B0079D4E5 /* DogList.swift in Sources */,
				0BF45AA52A8EC4420079D4E5 /* Dog.swift in Sources */,
				0BF45A722A8EC0A90079D4E5 /* ContentView.swift in Sources */,
				0BF45A702A8EC0A90079D4E5 /* Dog_APIApp.swift in Sources */,
				0BF45AB12A9263820079D4E5 /* NetworkService.swift in Sources */,
				0BF45AAE2A9138060079D4E5 /* Endpoint.swift in Sources */,
				0BF45AB92A941E190079D4E5 /* Logger.swift in Sources */,
			);
			runOnlyForDeploymentPostprocessing = 0;
		};
		0BF45A782A8EC0AA0079D4E5 /* Sources */ = {
			isa = PBXSourcesBuildPhase;
			buildActionMask = 2147483647;
			files = (
				0BF45A812A8EC0AA0079D4E5 /* Dog_APITests.swift in Sources */,
			);
			runOnlyForDeploymentPostprocessing = 0;
		};
		0BF45A822A8EC0AA0079D4E5 /* Sources */ = {
			isa = PBXSourcesBuildPhase;
			buildActionMask = 2147483647;
			files = (
				0BF45A8D2A8EC0AB0079D4E5 /* Dog_APIUITestsLaunchTests.swift in Sources */,
				0BF45A8B2A8EC0AB0079D4E5 /* Dog_APIUITests.swift in Sources */,
			);
			runOnlyForDeploymentPostprocessing = 0;
		};
/* End PBXSourcesBuildPhase section */

/* Begin PBXTargetDependency section */
		0BF45A7E2A8EC0AA0079D4E5 /* PBXTargetDependency */ = {
			isa = PBXTargetDependency;
			target = 0BF45A6B2A8EC0A90079D4E5 /* Dog-API */;
			targetProxy = 0BF45A7D2A8EC0AA0079D4E5 /* PBXContainerItemProxy */;
		};
		0BF45A882A8EC0AA0079D4E5 /* PBXTargetDependency */ = {
			isa = PBXTargetDependency;
			target = 0BF45A6B2A8EC0A90079D4E5 /* Dog-API */;
			targetProxy = 0BF45A872A8EC0AA0079D4E5 /* PBXContainerItemProxy */;
		};
/* End PBXTargetDependency section */

/* Begin XCBuildConfiguration section */
		0BF45A8E2A8EC0AB0079D4E5 /* Debug */ = {
			isa = XCBuildConfiguration;
			buildSettings = {
				ALWAYS_SEARCH_USER_PATHS = NO;
				CLANG_ANALYZER_NONNULL = YES;
				CLANG_ANALYZER_NUMBER_OBJECT_CONVERSION = YES_AGGRESSIVE;
				CLANG_CXX_LANGUAGE_STANDARD = "gnu++20";
				CLANG_ENABLE_MODULES = YES;
				CLANG_ENABLE_OBJC_ARC = YES;
				CLANG_ENABLE_OBJC_WEAK = YES;
				CLANG_WARN_BLOCK_CAPTURE_AUTORELEASING = YES;
				CLANG_WARN_BOOL_CONVERSION = YES;
				CLANG_WARN_COMMA = YES;
				CLANG_WARN_CONSTANT_CONVERSION = YES;
				CLANG_WARN_DEPRECATED_OBJC_IMPLEMENTATIONS = YES;
				CLANG_WARN_DIRECT_OBJC_ISA_USAGE = YES_ERROR;
				CLANG_WARN_DOCUMENTATION_COMMENTS = YES;
				CLANG_WARN_EMPTY_BODY = YES;
				CLANG_WARN_ENUM_CONVERSION = YES;
				CLANG_WARN_INFINITE_RECURSION = YES;
				CLANG_WARN_INT_CONVERSION = YES;
				CLANG_WARN_NON_LITERAL_NULL_CONVERSION = YES;
				CLANG_WARN_OBJC_IMPLICIT_RETAIN_SELF = YES;
				CLANG_WARN_OBJC_LITERAL_CONVERSION = YES;
				CLANG_WARN_OBJC_ROOT_CLASS = YES_ERROR;
				CLANG_WARN_QUOTED_INCLUDE_IN_FRAMEWORK_HEADER = YES;
				CLANG_WARN_RANGE_LOOP_ANALYSIS = YES;
				CLANG_WARN_STRICT_PROTOTYPES = YES;
				CLANG_WARN_SUSPICIOUS_MOVE = YES;
				CLANG_WARN_UNGUARDED_AVAILABILITY = YES_AGGRESSIVE;
				CLANG_WARN_UNREACHABLE_CODE = YES;
				CLANG_WARN__DUPLICATE_METHOD_MATCH = YES;
				COPY_PHASE_STRIP = NO;
				DEBUG_INFORMATION_FORMAT = dwarf;
				DOG_API_URL = "https://api.thedogapi.com/";
				ENABLE_STRICT_OBJC_MSGSEND = YES;
				ENABLE_TESTABILITY = YES;
				GCC_C_LANGUAGE_STANDARD = gnu11;
				GCC_DYNAMIC_NO_PIC = NO;
				GCC_NO_COMMON_BLOCKS = YES;
				GCC_OPTIMIZATION_LEVEL = 0;
				GCC_PREPROCESSOR_DEFINITIONS = (
					"DEBUG=1",
					"$(inherited)",
				);
				GCC_WARN_64_TO_32_BIT_CONVERSION = YES;
				GCC_WARN_ABOUT_RETURN_TYPE = YES_ERROR;
				GCC_WARN_UNDECLARED_SELECTOR = YES;
				GCC_WARN_UNINITIALIZED_AUTOS = YES_AGGRESSIVE;
				GCC_WARN_UNUSED_FUNCTION = YES;
				GCC_WARN_UNUSED_VARIABLE = YES;
				IPHONEOS_DEPLOYMENT_TARGET = 16.4;
				MTL_ENABLE_DEBUG_INFO = INCLUDE_SOURCE;
				MTL_FAST_MATH = YES;
				NEW_SETTING = "";
				ONLY_ACTIVE_ARCH = YES;
				SDKROOT = iphoneos;
				SWIFT_ACTIVE_COMPILATION_CONDITIONS = DEBUG;
				SWIFT_OPTIMIZATION_LEVEL = "-Onone";
			};
			name = Debug;
		};
		0BF45A8F2A8EC0AB0079D4E5 /* Release */ = {
			isa = XCBuildConfiguration;
			buildSettings = {
				ALWAYS_SEARCH_USER_PATHS = NO;
				CLANG_ANALYZER_NONNULL = YES;
				CLANG_ANALYZER_NUMBER_OBJECT_CONVERSION = YES_AGGRESSIVE;
				CLANG_CXX_LANGUAGE_STANDARD = "gnu++20";
				CLANG_ENABLE_MODULES = YES;
				CLANG_ENABLE_OBJC_ARC = YES;
				CLANG_ENABLE_OBJC_WEAK = YES;
				CLANG_WARN_BLOCK_CAPTURE_AUTORELEASING = YES;
				CLANG_WARN_BOOL_CONVERSION = YES;
				CLANG_WARN_COMMA = YES;
				CLANG_WARN_CONSTANT_CONVERSION = YES;
				CLANG_WARN_DEPRECATED_OBJC_IMPLEMENTATIONS = YES;
				CLANG_WARN_DIRECT_OBJC_ISA_USAGE = YES_ERROR;
				CLANG_WARN_DOCUMENTATION_COMMENTS = YES;
				CLANG_WARN_EMPTY_BODY = YES;
				CLANG_WARN_ENUM_CONVERSION = YES;
				CLANG_WARN_INFINITE_RECURSION = YES;
				CLANG_WARN_INT_CONVERSION = YES;
				CLANG_WARN_NON_LITERAL_NULL_CONVERSION = YES;
				CLANG_WARN_OBJC_IMPLICIT_RETAIN_SELF = YES;
				CLANG_WARN_OBJC_LITERAL_CONVERSION = YES;
				CLANG_WARN_OBJC_ROOT_CLASS = YES_ERROR;
				CLANG_WARN_QUOTED_INCLUDE_IN_FRAMEWORK_HEADER = YES;
				CLANG_WARN_RANGE_LOOP_ANALYSIS = YES;
				CLANG_WARN_STRICT_PROTOTYPES = YES;
				CLANG_WARN_SUSPICIOUS_MOVE = YES;
				CLANG_WARN_UNGUARDED_AVAILABILITY = YES_AGGRESSIVE;
				CLANG_WARN_UNREACHABLE_CODE = YES;
				CLANG_WARN__DUPLICATE_METHOD_MATCH = YES;
				COPY_PHASE_STRIP = NO;
				DEBUG_INFORMATION_FORMAT = "dwarf-with-dsym";
				DOG_API_URL = "https://api.thedogapi.com/";
				ENABLE_NS_ASSERTIONS = NO;
				ENABLE_STRICT_OBJC_MSGSEND = YES;
				GCC_C_LANGUAGE_STANDARD = gnu11;
				GCC_NO_COMMON_BLOCKS = YES;
				GCC_WARN_64_TO_32_BIT_CONVERSION = YES;
				GCC_WARN_ABOUT_RETURN_TYPE = YES_ERROR;
				GCC_WARN_UNDECLARED_SELECTOR = YES;
				GCC_WARN_UNINITIALIZED_AUTOS = YES_AGGRESSIVE;
				GCC_WARN_UNUSED_FUNCTION = YES;
				GCC_WARN_UNUSED_VARIABLE = YES;
				IPHONEOS_DEPLOYMENT_TARGET = 16.4;
				MTL_ENABLE_DEBUG_INFO = NO;
				MTL_FAST_MATH = YES;
				NEW_SETTING = "";
				SDKROOT = iphoneos;
				SWIFT_COMPILATION_MODE = wholemodule;
				SWIFT_OPTIMIZATION_LEVEL = "-O";
				VALIDATE_PRODUCT = YES;
			};
			name = Release;
		};
		0BF45A912A8EC0AB0079D4E5 /* Debug */ = {
			isa = XCBuildConfiguration;
			buildSettings = {
				ASSETCATALOG_COMPILER_APPICON_NAME = AppIcon;
				ASSETCATALOG_COMPILER_GLOBAL_ACCENT_COLOR_NAME = AccentColor;
				CODE_SIGN_STYLE = Automatic;
				CURRENT_PROJECT_VERSION = 1;
				DEVELOPMENT_ASSET_PATHS = "\"Dog-API/Preview Content\"";
				DEVELOPMENT_TEAM = 34UZ636LAD;
				ENABLE_PREVIEWS = YES;
				GENERATE_INFOPLIST_FILE = YES;
				INFOPLIST_FILE = "Dog-API/Info.plist";
				INFOPLIST_KEY_UIApplicationSceneManifest_Generation = YES;
				INFOPLIST_KEY_UIApplicationSupportsIndirectInputEvents = YES;
				INFOPLIST_KEY_UILaunchScreen_Generation = YES;
				INFOPLIST_KEY_UISupportedInterfaceOrientations_iPad = "UIInterfaceOrientationPortrait UIInterfaceOrientationPortraitUpsideDown UIInterfaceOrientationLandscapeLeft UIInterfaceOrientationLandscapeRight";
				INFOPLIST_KEY_UISupportedInterfaceOrientations_iPhone = "UIInterfaceOrientationPortrait UIInterfaceOrientationLandscapeLeft UIInterfaceOrientationLandscapeRight";
				LD_RUNPATH_SEARCH_PATHS = (
					"$(inherited)",
					"@executable_path/Frameworks",
				);
				MARKETING_VERSION = 1.0;
				PRODUCT_BUNDLE_IDENTIFIER = "Sailor-Saturn.Dog-API";
				PRODUCT_NAME = "$(TARGET_NAME)";
				SWIFT_EMIT_LOC_STRINGS = YES;
				SWIFT_VERSION = 5.0;
				TARGETED_DEVICE_FAMILY = "1,2";
			};
			name = Debug;
		};
		0BF45A922A8EC0AB0079D4E5 /* Release */ = {
			isa = XCBuildConfiguration;
			buildSettings = {
				ASSETCATALOG_COMPILER_APPICON_NAME = AppIcon;
				ASSETCATALOG_COMPILER_GLOBAL_ACCENT_COLOR_NAME = AccentColor;
				CODE_SIGN_STYLE = Automatic;
				CURRENT_PROJECT_VERSION = 1;
				DEVELOPMENT_ASSET_PATHS = "\"Dog-API/Preview Content\"";
				DEVELOPMENT_TEAM = 34UZ636LAD;
				ENABLE_PREVIEWS = YES;
				GENERATE_INFOPLIST_FILE = YES;
				INFOPLIST_FILE = "Dog-API/Info.plist";
				INFOPLIST_KEY_UIApplicationSceneManifest_Generation = YES;
				INFOPLIST_KEY_UIApplicationSupportsIndirectInputEvents = YES;
				INFOPLIST_KEY_UILaunchScreen_Generation = YES;
				INFOPLIST_KEY_UISupportedInterfaceOrientations_iPad = "UIInterfaceOrientationPortrait UIInterfaceOrientationPortraitUpsideDown UIInterfaceOrientationLandscapeLeft UIInterfaceOrientationLandscapeRight";
				INFOPLIST_KEY_UISupportedInterfaceOrientations_iPhone = "UIInterfaceOrientationPortrait UIInterfaceOrientationLandscapeLeft UIInterfaceOrientationLandscapeRight";
				LD_RUNPATH_SEARCH_PATHS = (
					"$(inherited)",
					"@executable_path/Frameworks",
				);
				MARKETING_VERSION = 1.0;
				PRODUCT_BUNDLE_IDENTIFIER = "Sailor-Saturn.Dog-API";
				PRODUCT_NAME = "$(TARGET_NAME)";
				SWIFT_EMIT_LOC_STRINGS = YES;
				SWIFT_VERSION = 5.0;
				TARGETED_DEVICE_FAMILY = "1,2";
			};
			name = Release;
		};
		0BF45A942A8EC0AB0079D4E5 /* Debug */ = {
			isa = XCBuildConfiguration;
			buildSettings = {
				ALWAYS_EMBED_SWIFT_STANDARD_LIBRARIES = YES;
				BUNDLE_LOADER = "$(TEST_HOST)";
				CODE_SIGN_STYLE = Automatic;
				CURRENT_PROJECT_VERSION = 1;
				DEVELOPMENT_TEAM = 34UZ636LAD;
				GENERATE_INFOPLIST_FILE = YES;
				IPHONEOS_DEPLOYMENT_TARGET = 16.4;
				MARKETING_VERSION = 1.0;
				PRODUCT_BUNDLE_IDENTIFIER = "Sailor-Saturn.Dog-APITests";
				PRODUCT_NAME = "$(TARGET_NAME)";
				SWIFT_EMIT_LOC_STRINGS = NO;
				SWIFT_VERSION = 5.0;
				TARGETED_DEVICE_FAMILY = "1,2";
				TEST_HOST = "$(BUILT_PRODUCTS_DIR)/Dog-API.app/$(BUNDLE_EXECUTABLE_FOLDER_PATH)/Dog-API";
			};
			name = Debug;
		};
		0BF45A952A8EC0AB0079D4E5 /* Release */ = {
			isa = XCBuildConfiguration;
			buildSettings = {
				ALWAYS_EMBED_SWIFT_STANDARD_LIBRARIES = YES;
				BUNDLE_LOADER = "$(TEST_HOST)";
				CODE_SIGN_STYLE = Automatic;
				CURRENT_PROJECT_VERSION = 1;
				DEVELOPMENT_TEAM = 34UZ636LAD;
				GENERATE_INFOPLIST_FILE = YES;
				IPHONEOS_DEPLOYMENT_TARGET = 16.4;
				MARKETING_VERSION = 1.0;
				PRODUCT_BUNDLE_IDENTIFIER = "Sailor-Saturn.Dog-APITests";
				PRODUCT_NAME = "$(TARGET_NAME)";
				SWIFT_EMIT_LOC_STRINGS = NO;
				SWIFT_VERSION = 5.0;
				TARGETED_DEVICE_FAMILY = "1,2";
				TEST_HOST = "$(BUILT_PRODUCTS_DIR)/Dog-API.app/$(BUNDLE_EXECUTABLE_FOLDER_PATH)/Dog-API";
			};
			name = Release;
		};
		0BF45A972A8EC0AB0079D4E5 /* Debug */ = {
			isa = XCBuildConfiguration;
			buildSettings = {
				ALWAYS_EMBED_SWIFT_STANDARD_LIBRARIES = YES;
				CODE_SIGN_STYLE = Automatic;
				CURRENT_PROJECT_VERSION = 1;
				DEVELOPMENT_TEAM = 34UZ636LAD;
				GENERATE_INFOPLIST_FILE = YES;
				MARKETING_VERSION = 1.0;
				PRODUCT_BUNDLE_IDENTIFIER = "Sailor-Saturn.Dog-APIUITests";
				PRODUCT_NAME = "$(TARGET_NAME)";
				SWIFT_EMIT_LOC_STRINGS = NO;
				SWIFT_VERSION = 5.0;
				TARGETED_DEVICE_FAMILY = "1,2";
				TEST_TARGET_NAME = "Dog-API";
			};
			name = Debug;
		};
		0BF45A982A8EC0AB0079D4E5 /* Release */ = {
			isa = XCBuildConfiguration;
			buildSettings = {
				ALWAYS_EMBED_SWIFT_STANDARD_LIBRARIES = YES;
				CODE_SIGN_STYLE = Automatic;
				CURRENT_PROJECT_VERSION = 1;
				DEVELOPMENT_TEAM = 34UZ636LAD;
				GENERATE_INFOPLIST_FILE = YES;
				MARKETING_VERSION = 1.0;
				PRODUCT_BUNDLE_IDENTIFIER = "Sailor-Saturn.Dog-APIUITests";
				PRODUCT_NAME = "$(TARGET_NAME)";
				SWIFT_EMIT_LOC_STRINGS = NO;
				SWIFT_VERSION = 5.0;
				TARGETED_DEVICE_FAMILY = "1,2";
				TEST_TARGET_NAME = "Dog-API";
			};
			name = Release;
		};
/* End XCBuildConfiguration section */

/* Begin XCConfigurationList section */
		0BF45A672A8EC0A90079D4E5 /* Build configuration list for PBXProject "Dog-API" */ = {
			isa = XCConfigurationList;
			buildConfigurations = (
				0BF45A8E2A8EC0AB0079D4E5 /* Debug */,
				0BF45A8F2A8EC0AB0079D4E5 /* Release */,
			);
			defaultConfigurationIsVisible = 0;
			defaultConfigurationName = Release;
		};
		0BF45A902A8EC0AB0079D4E5 /* Build configuration list for PBXNativeTarget "Dog-API" */ = {
			isa = XCConfigurationList;
			buildConfigurations = (
				0BF45A912A8EC0AB0079D4E5 /* Debug */,
				0BF45A922A8EC0AB0079D4E5 /* Release */,
			);
			defaultConfigurationIsVisible = 0;
			defaultConfigurationName = Release;
		};
		0BF45A932A8EC0AB0079D4E5 /* Build configuration list for PBXNativeTarget "Dog-APITests" */ = {
			isa = XCConfigurationList;
			buildConfigurations = (
				0BF45A942A8EC0AB0079D4E5 /* Debug */,
				0BF45A952A8EC0AB0079D4E5 /* Release */,
			);
			defaultConfigurationIsVisible = 0;
			defaultConfigurationName = Release;
		};
		0BF45A962A8EC0AB0079D4E5 /* Build configuration list for PBXNativeTarget "Dog-APIUITests" */ = {
			isa = XCConfigurationList;
			buildConfigurations = (
				0BF45A972A8EC0AB0079D4E5 /* Debug */,
				0BF45A982A8EC0AB0079D4E5 /* Release */,
			);
			defaultConfigurationIsVisible = 0;
			defaultConfigurationName = Release;
		};
/* End XCConfigurationList section */

/* Begin XCRemoteSwiftPackageReference section */
		0BF45A992A8EC0C20079D4E5 /* XCRemoteSwiftPackageReference "swift-composable-architecture" */ = {
			isa = XCRemoteSwiftPackageReference;
			repositoryURL = "https://github.com/pointfreeco/swift-composable-architecture";
			requirement = {
				kind = upToNextMajorVersion;
				minimumVersion = 1.0.0;
			};
		};
		0BF45A9C2A8EC1050079D4E5 /* XCRemoteSwiftPackageReference "Kingfisher" */ = {
			isa = XCRemoteSwiftPackageReference;
			repositoryURL = "https://github.com/onevcat/Kingfisher.git";
			requirement = {
				kind = upToNextMajorVersion;
				minimumVersion = 7.0.0;
			};
		};
		0BF45AA92A8ED2B50079D4E5 /* XCRemoteSwiftPackageReference "Alamofire" */ = {
			isa = XCRemoteSwiftPackageReference;
			repositoryURL = "https://github.com/Alamofire/Alamofire";
			requirement = {
				kind = upToNextMajorVersion;
				minimumVersion = 5.0.0;
			};
		};
		0BF45AB22A941D910079D4E5 /* XCRemoteSwiftPackageReference "swift-log" */ = {
			isa = XCRemoteSwiftPackageReference;
			repositoryURL = "https://github.com/apple/swift-log.git";
			requirement = {
				kind = upToNextMajorVersion;
				minimumVersion = 1.0.0;
			};
		};
/* End XCRemoteSwiftPackageReference section */

/* Begin XCSwiftPackageProductDependency section */
		0BF45A9A2A8EC0C20079D4E5 /* ComposableArchitecture */ = {
			isa = XCSwiftPackageProductDependency;
			package = 0BF45A992A8EC0C20079D4E5 /* XCRemoteSwiftPackageReference "swift-composable-architecture" */;
			productName = ComposableArchitecture;
		};
		0BF45A9D2A8EC1050079D4E5 /* Kingfisher */ = {
			isa = XCSwiftPackageProductDependency;
			package = 0BF45A9C2A8EC1050079D4E5 /* XCRemoteSwiftPackageReference "Kingfisher" */;
			productName = Kingfisher;
		};
		0BF45AAA2A8ED2B50079D4E5 /* Alamofire */ = {
			isa = XCSwiftPackageProductDependency;
			package = 0BF45AA92A8ED2B50079D4E5 /* XCRemoteSwiftPackageReference "Alamofire" */;
			productName = Alamofire;
		};
		0BF45AB32A941D910079D4E5 /* Logging */ = {
			isa = XCSwiftPackageProductDependency;
			package = 0BF45AB22A941D910079D4E5 /* XCRemoteSwiftPackageReference "swift-log" */;
			productName = Logging;
		};
/* End XCSwiftPackageProductDependency section */
	};
	rootObject = 0BF45A642A8EC0A90079D4E5 /* Project object */;
}
